
Microsoft Visual Studio Solution File, Format Version 12.00
# Visual Studio Version 16
VisualStudioVersion = 16.0.32002.261
MinimumVisualStudioVersion = 10.0.40219.1
Project("{9A19103F-16F7-4668-BE54-9A1E7A4F7556}") = "Iress.Robles.ToyRobot", "Iress.Robles.ToyRobot\Iress.Robles.ToyRobot.csproj", "{0D5DE8D0-1B75-48D1-8937-F84D9CFA11FA}"
EndProject
Project("{9A19103F-16F7-4668-BE54-9A1E7A4F7556}") = "Iress.Robles.ToyRobot.Tests", "Iress.Robles.ToyRobot.Tests\Iress.Robles.ToyRobot.Tests.csproj", "{1076BC2D-6EDB-448D-8FAE-51FB1ABC882F}"
EndProject
Global
	GlobalSection(SolutionConfigurationPlatforms) = preSolution
		Debug|Any CPU = Debug|Any CPU
		Release|Any CPU = Release|Any CPU
	EndGlobalSection
	GlobalSection(ProjectConfigurationPlatforms) = postSolution
		{0D5DE8D0-1B75-48D1-8937-F84D9CFA11FA}.Debug|Any CPU.ActiveCfg = Debug|Any CPU
		{0D5DE8D0-1B75-48D1-8937-F84D9CFA11FA}.Debug|Any CPU.Build.0 = Debug|Any CPU
		{0D5DE8D0-1B75-48D1-8937-F84D9CFA11FA}.Release|Any CPU.ActiveCfg = Release|Any CPU
		{0D5DE8D0-1B75-48D1-8937-F84D9CFA11FA}.Release|Any CPU.Build.0 = Release|Any CPU
		{1076BC2D-6EDB-448D-8FAE-51FB1ABC882F}.Debug|Any CPU.ActiveCfg = Debug|Any CPU
		{1076BC2D-6EDB-448D-8FAE-51FB1ABC882F}.Debug|Any CPU.Build.0 = Debug|Any CPU
		{1076BC2D-6EDB-448D-8FAE-51FB1ABC882F}.Release|Any CPU.ActiveCfg = Release|Any CPU
		{1076BC2D-6EDB-448D-8FAE-51FB1ABC882F}.Release|Any CPU.Build.0 = Release|Any CPU
	EndGlobalSection
	GlobalSection(SolutionProperties) = preSolution
		HideSolutionNode = FALSE
	EndGlobalSection
	GlobalSection(ExtensibilityGlobals) = postSolution
		SolutionGuid = {3D89D330-93C6-4A8A-BC46-4C2AB17F28FB}
	EndGlobalSection
EndGlobal
